PODS:
  - BigoADS (5.3.0)
  - ChartboostSDK (9.13.0)
  - FBAudienceNetwork (6.22.0)
  - Fyber_Marketplace_SDK (8.4.7)
  - InMobiSDK (11.4.1)
  - TPExchange (13.8.60)
  - TradPlusAdSDK (15.13.0):
    - TradPlusAdSDK/TradPlusAds (= 15.13.0)
  - TradPlusAdSDK/BigoAdapter (15.13.0)
  - TradPlusAdSDK/ChartboostAdapter (15.13.0)
  - TradPlusAdSDK/FacebookAdapter (15.13.0)
  - TradPlusAdSDK/FyberAdapter (15.13.0)
  - TradPlusAdSDK/InMobiAdapter (15.13.0)
  - TradPlusAdSDK/TPCrossAdapter (15.13.0)
  - TradPlusAdSDK/TradPlusAds (15.13.0):
    - TPExchange (= 13.8.60)
  - TradPlusAdSDK/VungleAdapter (15.13.0)
  - VungleAds (7.7.6)

DEPENDENCIES:
  - BigoADS (= 5.3.0)
  - ChartboostSDK (= 9.13.0)
  - FBAudienceNetwork (= 6.22.0)
  - Fyber_Marketplace_SDK (= 8.4.7)
  - InMobiSDK (= 11.4.1)
  - TradPlusAdSDK (= 15.13.0)
  - TradPlusAdSDK/BigoAdapter (= 15.13.0)
  - TradPlusAdSDK/ChartboostAdapter (= 15.13.0)
  - TradPlusAdSDK/FacebookAdapter (= 15.13.0)
  - TradPlusAdSDK/FyberAdapter (= 15.13.0)
  - TradPlusAdSDK/InMobiAdapter (= 15.13.0)
  - TradPlusAdSDK/TPCrossAdapter (= 15.13.0)
  - TradPlusAdSDK/VungleAdapter (= 15.13.0)
  - VungleAds (= 7.7.6)

SPEC REPOS:
  trunk:
    - BigoADS
    - ChartboostSDK
    - FBAudienceNetwork
    - Fyber_Marketplace_SDK
    - InMobiSDK
    - TPExchange
    - TradPlusAdSDK
    - VungleAds

SPEC CHECKSUMS:
  BigoADS: 1ae2d67ffd4d2eb72c6921bdfcdd9c1f943dbecf
  ChartboostSDK: 81532d47ab51e7004f264d8736c3672751ac7d60
  FBAudienceNetwork: b05c65487114aa3bf3a68e865c60937a9fb03b69
  Fyber_Marketplace_SDK: 1a880b530921ddf07a74982e163ab56eaf90e932
  InMobiSDK: 45b8b7e2af6e241b028b94c63b3d1d6113a12945
  TPExchange: fe78bfae832d811394fb2bde33b976e3594129be
  TradPlusAdSDK: 9a6424fec0c6f2c5eb927e363f75cf16658b8161
  VungleAds: 3b73c5e680c4c956ade61f3b0791e9b270914548

PODFILE CHECKSUM: e0f8bedf763569cf6f1410acb8fe343461c42aa3

COCOAPODS: 1.16.2
